
Microsoft Visual Studio Solution File, Format Version 12.00
# Visual Studio 15
VisualStudioVersion = 15.0.27130.2026
MinimumVisualStudioVersion = 10.0.40219.1
Project("{FAE04EC0-301F-11D3-BF4B-00C04F79EFBC}") = "Entidades", "Entidades\Entidades.csproj", "{B870CDD5-A5A1-4E08-9240-26D8FDAEA087}"
EndProject
Project("{FAE04EC0-301F-11D3-BF4B-00C04F79EFBC}") = "FrmPpal", "FrmPpal\FrmPpal.csproj", "{3B2CB361-C590-408A-AF7D-79B3BC78134A}"
EndProject
Project("{FAE04EC0-301F-11D3-BF4B-00C04F79EFBC}") = "Test Unitario", "Test Unitario\Test Unitario.csproj", "{8C70E891-DCB1-4F80-9F99-5BF4014C0965}"
EndProject
Global
	GlobalSection(SolutionConfigurationPlatforms) = preSolution
		Debug|Any CPU = Debug|Any CPU
		Release|Any CPU = Release|Any CPU
	EndGlobalSection
	GlobalSection(ProjectConfigurationPlatforms) = postSolution
		{B870CDD5-A5A1-4E08-9240-26D8FDAEA087}.Debug|Any CPU.ActiveCfg = Debug|Any CPU
		{B870CDD5-A5A1-4E08-9240-26D8FDAEA087}.Debug|Any CPU.Build.0 = Debug|Any CPU
		{B870CDD5-A5A1-4E08-9240-26D8FDAEA087}.Release|Any CPU.ActiveCfg = Release|Any CPU
		{B870CDD5-A5A1-4E08-9240-26D8FDAEA087}.Release|Any CPU.Build.0 = Release|Any CPU
		{3B2CB361-C590-408A-AF7D-79B3BC78134A}.Debug|Any CPU.ActiveCfg = Debug|Any CPU
		{3B2CB361-C590-408A-AF7D-79B3BC78134A}.Debug|Any CPU.Build.0 = Debug|Any CPU
		{3B2CB361-C590-408A-AF7D-79B3BC78134A}.Release|Any CPU.ActiveCfg = Release|Any CPU
		{3B2CB361-C590-408A-AF7D-79B3BC78134A}.Release|Any CPU.Build.0 = Release|Any CPU
		{8C70E891-DCB1-4F80-9F99-5BF4014C0965}.Debug|Any CPU.ActiveCfg = Debug|Any CPU
		{8C70E891-DCB1-4F80-9F99-5BF4014C0965}.Debug|Any CPU.Build.0 = Debug|Any CPU
		{8C70E891-DCB1-4F80-9F99-5BF4014C0965}.Release|Any CPU.ActiveCfg = Release|Any CPU
		{8C70E891-DCB1-4F80-9F99-5BF4014C0965}.Release|Any CPU.Build.0 = Release|Any CPU
	EndGlobalSection
	GlobalSection(SolutionProperties) = preSolution
		HideSolutionNode = FALSE
	EndGlobalSection
	GlobalSection(ExtensibilityGlobals) = postSolution
		SolutionGuid = {4D009F47-817F-4E77-9C54-D38A894BC606}
	EndGlobalSection
EndGlobal
