
Microsoft Visual Studio Solution File, Format Version 12.00
# Visual Studio 15
VisualStudioVersion = 15.0.28010.2003
MinimumVisualStudioVersion = 10.0.40219.1
Project("{FAE04EC0-301F-11D3-BF4B-00C04F79EFBC}") = "TP-02", "TP-02\TP-02.csproj", "{47F71FA4-ED48-48AA-A440-9DBF0C0A35F4}"
EndProject
Project("{FAE04EC0-301F-11D3-BF4B-00C04F79EFBC}") = "Entidades", "Entidades\Entidades.csproj", "{65C05D8A-236E-432D-8011-299A43F71244}"
EndProject
Global
	GlobalSection(SolutionConfigurationPlatforms) = preSolution
		Debug|Any CPU = Debug|Any CPU
		Release|Any CPU = Release|Any CPU
	EndGlobalSection
	GlobalSection(ProjectConfigurationPlatforms) = postSolution
		{47F71FA4-ED48-48AA-A440-9DBF0C0A35F4}.Debug|Any CPU.ActiveCfg = Debug|Any CPU
		{47F71FA4-ED48-48AA-A440-9DBF0C0A35F4}.Debug|Any CPU.Build.0 = Debug|Any CPU
		{47F71FA4-ED48-48AA-A440-9DBF0C0A35F4}.Release|Any CPU.ActiveCfg = Release|Any CPU
		{47F71FA4-ED48-48AA-A440-9DBF0C0A35F4}.Release|Any CPU.Build.0 = Release|Any CPU
		{65C05D8A-236E-432D-8011-299A43F71244}.Debug|Any CPU.ActiveCfg = Debug|Any CPU
		{65C05D8A-236E-432D-8011-299A43F71244}.Debug|Any CPU.Build.0 = Debug|Any CPU
		{65C05D8A-236E-432D-8011-299A43F71244}.Release|Any CPU.ActiveCfg = Release|Any CPU
		{65C05D8A-236E-432D-8011-299A43F71244}.Release|Any CPU.Build.0 = Release|Any CPU
	EndGlobalSection
	GlobalSection(SolutionProperties) = preSolution
		HideSolutionNode = FALSE
	EndGlobalSection
	GlobalSection(ExtensibilityGlobals) = postSolution
		SolutionGuid = {83EE0F6B-3829-455D-BF38-5C2463D6CA11}
	EndGlobalSection
EndGlobal
